// !$*UTF8*$!
{
	archiveVersion = 1;
	classes = {
	};
	objectVersion = 56;
	objects = {

/* Begin PBXBuildFile section */
		10DF31F1285EC48600A6F51F /* Player.swift in Sources */ = {isa = PBXBuildFile; fileRef = 10DF31F0285EC48600A6F51F /* Player.swift */; };
		10DF31F5285EC56F00A6F51F /* GameViewModel.swift in Sources */ = {isa = PBXBuildFile; fileRef = 10DF31F4285EC56F00A6F51F /* GameViewModel.swift */; };
		10F3EDAF285DFBBD00A08BCB /* WordsGameApp.swift in Sources */ = {isa = PBXBuildFile; fileRef = 10F3EDAE285DFBBD00A08BCB /* WordsGameApp.swift */; };
		10F3EDB1285DFBBD00A08BCB /* StartView.swift in Sources */ = {isa = PBXBuildFile; fileRef = 10F3EDB0285DFBBD00A08BCB /* StartView.swift */; };
		10F3EDB3285DFBBE00A08BCB /* Assets.xcassets in Resources */ = {isa = PBXBuildFile; fileRef = 10F3EDB2285DFBBE00A08BCB /* Assets.xcassets */; };
		10F3EDB6285DFBBE00A08BCB /* Preview Assets.xcassets in Resources */ = {isa = PBXBuildFile; fileRef = 10F3EDB5285DFBBE00A08BCB /* Preview Assets.xcassets */; };
		10F3EDC0285E05A600A08BCB /* TitleText.swift in Sources */ = {isa = PBXBuildFile; fileRef = 10F3EDBF285E05A600A08BCB /* TitleText.swift */; };
		10F3EDC2285E066C00A08BCB /* WordTextField.swift in Sources */ = {isa = PBXBuildFile; fileRef = 10F3EDC1285E066C00A08BCB /* WordTextField.swift */; };
		10F3EDC4285E08A000A08BCB /* GameView.swift in Sources */ = {isa = PBXBuildFile; fileRef = 10F3EDC3285E08A000A08BCB /* GameView.swift */; };
/* End PBXBuildFile section */

/* Begin PBXFileReference section */
		10DF31F0285EC48600A6F51F /* Player.swift */ = {isa = PBXFileReference; lastKnownFileType = sourcecode.swift; path = Player.swift; sourceTree = "<group>"; };
		10DF31F4285EC56F00A6F51F /* GameViewModel.swift */ = {isa = PBXFileReference; lastKnownFileType = sourcecode.swift; path = GameViewModel.swift; sourceTree = "<group>"; };
		10F3EDAB285DFBBD00A08BCB /* WordsGame.app */ = {isa = PBXFileReference; explicitFileType = wrapper.application; includeInIndex = 0; path = WordsGame.app; sourceTree = BUILT_PRODUCTS_DIR; };
		10F3EDAE285DFBBD00A08BCB /* WordsGameApp.swift */ = {isa = PBXFileReference; lastKnownFileType = sourcecode.swift; path = WordsGameApp.swift; sourceTree = "<group>"; };
		10F3EDB0285DFBBD00A08BCB /* StartView.swift */ = {isa = PBXFileReference; lastKnownFileType = sourcecode.swift; path = StartView.swift; sourceTree = "<group>"; };
		10F3EDB2285DFBBE00A08BCB /* Assets.xcassets */ = {isa = PBXFileReference; lastKnownFileType = folder.assetcatalog; path = Assets.xcassets; sourceTree = "<group>"; };
		10F3EDB5285DFBBE00A08BCB /* Preview Assets.xcassets */ = {isa = PBXFileReference; lastKnownFileType = folder.assetcatalog; path = "Preview Assets.xcassets"; sourceTree = "<group>"; };
		10F3EDBF285E05A600A08BCB /* TitleText.swift */ = {isa = PBXFileReference; lastKnownFileType = sourcecode.swift; path = TitleText.swift; sourceTree = "<group>"; };
		10F3EDC1285E066C00A08BCB /* WordTextField.swift */ = {isa = PBXFileReference; lastKnownFileType = sourcecode.swift; path = WordTextField.swift; sourceTree = "<group>"; };
		10F3EDC3285E08A000A08BCB /* GameView.swift */ = {isa = PBXFileReference; lastKnownFileType = sourcecode.swift; path = GameView.swift; sourceTree = "<group>"; };
/* End PBXFileReference section */

/* Begin PBXFrameworksBuildPhase section */
		10F3EDA8285DFBBD00A08BCB /* Frameworks */ = {
			isa = PBXFrameworksBuildPhase;
			buildActionMask = 2147483647;
			files = (
			);
			runOnlyForDeploymentPostprocessing = 0;
		};
/* End PBXFrameworksBuildPhase section */

/* Begin PBXGroup section */
		10DF31F2285EC55000A6F51F /* Model */ = {
			isa = PBXGroup;
			children = (
				10DF31F0285EC48600A6F51F /* Player.swift */,
			);
			path = Model;
			sourceTree = "<group>";
		};
		10DF31F3285EC55B00A6F51F /* ViewModel */ = {
			isa = PBXGroup;
			children = (
				10DF31F4285EC56F00A6F51F /* GameViewModel.swift */,
			);
			path = ViewModel;
			sourceTree = "<group>";
		};
		10F3EDA2285DFBBD00A08BCB = {
			isa = PBXGroup;
			children = (
				10F3EDAD285DFBBD00A08BCB /* WordsGame */,
				10F3EDAC285DFBBD00A08BCB /* Products */,
			);
			sourceTree = "<group>";
		};
		10F3EDAC285DFBBD00A08BCB /* Products */ = {
			isa = PBXGroup;
			children = (
				10F3EDAB285DFBBD00A08BCB /* WordsGame.app */,
			);
			name = Products;
			sourceTree = "<group>";
		};
		10F3EDAD285DFBBD00A08BCB /* WordsGame */ = {
			isa = PBXGroup;
			children = (
				10F3EDAE285DFBBD00A08BCB /* WordsGameApp.swift */,
				10DF31F2285EC55000A6F51F /* Model */,
				10F3EDC5285E08AC00A08BCB /* Views */,
				10DF31F3285EC55B00A6F51F /* ViewModel */,
				10F3EDB2285DFBBE00A08BCB /* Assets.xcassets */,
				10F3EDB4285DFBBE00A08BCB /* Preview Content */,
			);
			path = WordsGame;
			sourceTree = "<group>";
		};
		10F3EDB4285DFBBE00A08BCB /* Preview Content */ = {
			isa = PBXGroup;
			children = (
				10F3EDB5285DFBBE00A08BCB /* Preview Assets.xcassets */,
			);
			path = "Preview Content";
			sourceTree = "<group>";
		};
		10F3EDBC285E052700A08BCB /* Components */ = {
			isa = PBXGroup;
			children = (
				10F3EDBF285E05A600A08BCB /* TitleText.swift */,
				10F3EDC1285E066C00A08BCB /* WordTextField.swift */,
			);
			path = Components;
			sourceTree = "<group>";
		};
		10F3EDC5285E08AC00A08BCB /* Views */ = {
			isa = PBXGroup;
			children = (
				10F3EDB0285DFBBD00A08BCB /* StartView.swift */,
				10F3EDC3285E08A000A08BCB /* GameView.swift */,
				10F3EDBC285E052700A08BCB /* Components */,
			);
			path = Views;
			sourceTree = "<group>";
		};
/* End PBXGroup section */

/* Begin PBXNativeTarget section */
		10F3EDAA285DFBBD00A08BCB /* WordsGame */ = {
			isa = PBXNativeTarget;
			buildConfigurationList = 10F3EDB9285DFBBE00A08BCB /* Build configuration list for PBXNativeTarget "WordsGame" */;
			buildPhases = (
				10F3EDA7285DFBBD00A08BCB /* Sources */,
				10F3EDA8285DFBBD00A08BCB /* Frameworks */,
				10F3EDA9285DFBBD00A08BCB /* Resources */,
			);
			buildRules = (
			);
			dependencies = (
			);
			name = WordsGame;
			productName = WordsGame;
			productReference = 10F3EDAB285DFBBD00A08BCB /* WordsGame.app */;
			productType = "com.apple.product-type.application";
		};
/* End PBXNativeTarget section */

/* Begin PBXProject section */
		10F3EDA3285DFBBD00A08BCB /* Project object */ = {
			isa = PBXProject;
			attributes = {
				BuildIndependentTargetsInParallel = 1;
				LastSwiftUpdateCheck = 1400;
				LastUpgradeCheck = 1400;
				TargetAttributes = {
					10F3EDAA285DFBBD00A08BCB = {
						CreatedOnToolsVersion = 14.0;
					};
				};
			};
			buildConfigurationList = 10F3EDA6285DFBBD00A08BCB /* Build configuration list for PBXProject "WordsGame" */;
			compatibilityVersion = "Xcode 14.0";
			developmentRegion = en;
			hasScannedForEncodings = 0;
			knownRegions = (
				en,
				Base,
			);
			mainGroup = 10F3EDA2285DFBBD00A08BCB;
			productRefGroup = 10F3EDAC285DFBBD00A08BCB /* Products */;
			projectDirPath = "";
			projectRoot = "";
			targets = (
				10F3EDAA285DFBBD00A08BCB /* WordsGame */,
			);
		};
/* End PBXProject section */

/* Begin PBXResourcesBuildPhase section */
		10F3EDA9285DFBBD00A08BCB /* Resources */ = {
			isa = PBXResourcesBuildPhase;
			buildActionMask = 2147483647;
			files = (
				10F3EDB6285DFBBE00A08BCB /* Preview Assets.xcassets in Resources */,
				10F3EDB3285DFBBE00A08BCB /* Assets.xcassets in Resources */,
			);
			runOnlyForDeploymentPostprocessing = 0;
		};
/* End PBXResourcesBuildPhase section */

/* Begin PBXSourcesBuildPhase section */
		10F3EDA7285DFBBD00A08BCB /* Sources */ = {
			isa = PBXSourcesBuildPhase;
			buildActionMask = 2147483647;
			files = (
				10F3EDB1285DFBBD00A08BCB /* StartView.swift in Sources */,
				10F3EDC0285E05A600A08BCB /* TitleText.swift in Sources */,
				10F3EDAF285DFBBD00A08BCB /* WordsGameApp.swift in Sources */,
				10F3EDC2285E066C00A08BCB /* WordTextField.swift in Sources */,
				10DF31F1285EC48600A6F51F /* Player.swift in Sources */,
				10F3EDC4285E08A000A08BCB /* GameView.swift in Sources */,
				10DF31F5285EC56F00A6F51F /* GameViewModel.swift in Sources */,
			);
			runOnlyForDeploymentPostprocessing = 0;
		};
/* End PBXSourcesBuildPhase section */

/* Begin XCBuildConfiguration section */
		10F3EDB7285DFBBE00A08BCB /* Debug */ = {
			isa = XCBuildConfiguration;
			buildSettings = {
				ALWAYS_SEARCH_USER_PATHS = NO;
				CLANG_ANALYZER_NONNULL = YES;
				CLANG_ANALYZER_NUMBER_OBJECT_CONVERSION = YES_AGGRESSIVE;
				CLANG_CXX_LANGUAGE_STANDARD = "gnu++17";
				CLANG_ENABLE_MODULES = YES;
				CLANG_ENABLE_OBJC_ARC = YES;
				CLANG_ENABLE_OBJC_WEAK = YES;
				CLANG_WARN_BLOCK_CAPTURE_AUTORELEASING = YES;
				CLANG_WARN_BOOL_CONVERSION = YES;
				CLANG_WARN_COMMA = YES;
				CLANG_WARN_CONSTANT_CONVERSION = YES;
				CLANG_WARN_DEPRECATED_OBJC_IMPLEMENTATIONS = YES;
				CLANG_WARN_DIRECT_OBJC_ISA_USAGE = YES_ERROR;
				CLANG_WARN_DOCUMENTATION_COMMENTS = YES;
				CLANG_WARN_EMPTY_BODY = YES;
				CLANG_WARN_ENUM_CONVERSION = YES;
				CLANG_WARN_INFINITE_RECURSION = YES;
				CLANG_WARN_INT_CONVERSION = YES;
				CLANG_WARN_NON_LITERAL_NULL_CONVERSION = YES;
				CLANG_WARN_OBJC_IMPLICIT_RETAIN_SELF = YES;
				CLANG_WARN_OBJC_LITERAL_CONVERSION = YES;
				CLANG_WARN_OBJC_ROOT_CLASS = YES_ERROR;
				CLANG_WARN_QUOTED_INCLUDE_IN_FRAMEWORK_HEADER = YES;
				CLANG_WARN_RANGE_LOOP_ANALYSIS = YES;
				CLANG_WARN_STRICT_PROTOTYPES = YES;
				CLANG_WARN_SUSPICIOUS_MOVE = YES;
				CLANG_WARN_UNGUARDED_AVAILABILITY = YES_AGGRESSIVE;
				CLANG_WARN_UNREACHABLE_CODE = YES;
				CLANG_WARN__DUPLICATE_METHOD_MATCH = YES;
				COPY_PHASE_STRIP = NO;
				DEBUG_INFORMATION_FORMAT = dwarf;
				ENABLE_STRICT_OBJC_MSGSEND = YES;
				ENABLE_TESTABILITY = YES;
				GCC_C_LANGUAGE_STANDARD = gnu11;
				GCC_DYNAMIC_NO_PIC = NO;
				GCC_NO_COMMON_BLOCKS = YES;
				GCC_OPTIMIZATION_LEVEL = 0;
				GCC_PREPROCESSOR_DEFINITIONS = (
					"DEBUG=1",
					"$(inherited)",
				);
				GCC_WARN_64_TO_32_BIT_CONVERSION = YES;
				GCC_WARN_ABOUT_RETURN_TYPE = YES_ERROR;
				GCC_WARN_UNDECLARED_SELECTOR = YES;
				GCC_WARN_UNINITIALIZED_AUTOS = YES_AGGRESSIVE;
				GCC_WARN_UNUSED_FUNCTION = YES;
				GCC_WARN_UNUSED_VARIABLE = YES;
				IPHONEOS_DEPLOYMENT_TARGET = 16.0;
				MTL_ENABLE_DEBUG_INFO = INCLUDE_SOURCE;
				MTL_FAST_MATH = YES;
				ONLY_ACTIVE_ARCH = YES;
				SDKROOT = iphoneos;
				SWIFT_ACTIVE_COMPILATION_CONDITIONS = DEBUG;
				SWIFT_OPTIMIZATION_LEVEL = "-Onone";
			};
			name = Debug;
		};
		10F3EDB8285DFBBE00A08BCB /* Release */ = {
			isa = XCBuildConfiguration;
			buildSettings = {
				ALWAYS_SEARCH_USER_PATHS = NO;
				CLANG_ANALYZER_NONNULL = YES;
				CLANG_ANALYZER_NUMBER_OBJECT_CONVERSION = YES_AGGRESSIVE;
				CLANG_CXX_LANGUAGE_STANDARD = "gnu++17";
				CLANG_ENABLE_MODULES = YES;
				CLANG_ENABLE_OBJC_ARC = YES;
				CLANG_ENABLE_OBJC_WEAK = YES;
				CLANG_WARN_BLOCK_CAPTURE_AUTORELEASING = YES;
				CLANG_WARN_BOOL_CONVERSION = YES;
				CLANG_WARN_COMMA = YES;
				CLANG_WARN_CONSTANT_CONVERSION = YES;
				CLANG_WARN_DEPRECATED_OBJC_IMPLEMENTATIONS = YES;
				CLANG_WARN_DIRECT_OBJC_ISA_USAGE = YES_ERROR;
				CLANG_WARN_DOCUMENTATION_COMMENTS = YES;
				CLANG_WARN_EMPTY_BODY = YES;
				CLANG_WARN_ENUM_CONVERSION = YES;
				CLANG_WARN_INFINITE_RECURSION = YES;
				CLANG_WARN_INT_CONVERSION = YES;
				CLANG_WARN_NON_LITERAL_NULL_CONVERSION = YES;
				CLANG_WARN_OBJC_IMPLICIT_RETAIN_SELF = YES;
				CLANG_WARN_OBJC_LITERAL_CONVERSION = YES;
				CLANG_WARN_OBJC_ROOT_CLASS = YES_ERROR;
				CLANG_WARN_QUOTED_INCLUDE_IN_FRAMEWORK_HEADER = YES;
				CLANG_WARN_RANGE_LOOP_ANALYSIS = YES;
				CLANG_WARN_STRICT_PROTOTYPES = YES;
				CLANG_WARN_SUSPICIOUS_MOVE = YES;
				CLANG_WARN_UNGUARDED_AVAILABILITY = YES_AGGRESSIVE;
				CLANG_WARN_UNREACHABLE_CODE = YES;
				CLANG_WARN__DUPLICATE_METHOD_MATCH = YES;
				COPY_PHASE_STRIP = NO;
				DEBUG_INFORMATION_FORMAT = "dwarf-with-dsym";
				ENABLE_NS_ASSERTIONS = NO;
				ENABLE_STRICT_OBJC_MSGSEND = YES;
				GCC_C_LANGUAGE_STANDARD = gnu11;
				GCC_NO_COMMON_BLOCKS = YES;
				GCC_WARN_64_TO_32_BIT_CONVERSION = YES;
				GCC_WARN_ABOUT_RETURN_TYPE = YES_ERROR;
				GCC_WARN_UNDECLARED_SELECTOR = YES;
				GCC_WARN_UNINITIALIZED_AUTOS = YES_AGGRESSIVE;
				GCC_WARN_UNUSED_FUNCTION = YES;
				GCC_WARN_UNUSED_VARIABLE = YES;
				IPHONEOS_DEPLOYMENT_TARGET = 16.0;
				MTL_ENABLE_DEBUG_INFO = NO;
				MTL_FAST_MATH = YES;
				SDKROOT = iphoneos;
				SWIFT_COMPILATION_MODE = wholemodule;
				SWIFT_OPTIMIZATION_LEVEL = "-O";
				VALIDATE_PRODUCT = YES;
			};
			name = Release;
		};
		10F3EDBA285DFBBE00A08BCB /* Debug */ = {
			isa = XCBuildConfiguration;
			buildSettings = {
				ASSETCATALOG_COMPILER_APPICON_NAME = AppIcon;
				ASSETCATALOG_COMPILER_GLOBAL_ACCENT_COLOR_NAME = AccentColor;
				CODE_SIGN_STYLE = Automatic;
				CURRENT_PROJECT_VERSION = 1;
				DEVELOPMENT_ASSET_PATHS = "\"WordsGame/Preview Content\"";
				ENABLE_PREVIEWS = YES;
				GENERATE_INFOPLIST_FILE = YES;
				INFOPLIST_KEY_UIApplicationSceneManifest_Generation = YES;
				INFOPLIST_KEY_UIApplicationSupportsIndirectInputEvents = YES;
				INFOPLIST_KEY_UILaunchScreen_Generation = YES;
				INFOPLIST_KEY_UISupportedInterfaceOrientations_iPad = "UIInterfaceOrientationPortrait UIInterfaceOrientationPortraitUpsideDown UIInterfaceOrientationLandscapeLeft UIInterfaceOrientationLandscapeRight";
				INFOPLIST_KEY_UISupportedInterfaceOrientations_iPhone = "UIInterfaceOrientationPortrait UIInterfaceOrientationLandscapeLeft UIInterfaceOrientationLandscapeRight";
				LD_RUNPATH_SEARCH_PATHS = (
					"$(inherited)",
					"@executable_path/Frameworks",
				);
				MARKETING_VERSION = 1.0;
				PRODUCT_BUNDLE_IDENTIFIER = com.myapps.WordsGame;
				PRODUCT_NAME = "$(TARGET_NAME)";
				SWIFT_EMIT_LOC_STRINGS = YES;
				SWIFT_VERSION = 5.0;
				TARGETED_DEVICE_FAMILY = "1,2";
			};
			name = Debug;
		};
		10F3EDBB285DFBBE00A08BCB /* Release */ = {
			isa = XCBuildConfiguration;
			buildSettings = {
				ASSETCATALOG_COMPILER_APPICON_NAME = AppIcon;
				ASSETCATALOG_COMPILER_GLOBAL_ACCENT_COLOR_NAME = AccentColor;
				CODE_SIGN_STYLE = Automatic;
				CURRENT_PROJECT_VERSION = 1;
				DEVELOPMENT_ASSET_PATHS = "\"WordsGame/Preview Content\"";
				ENABLE_PREVIEWS = YES;
				GENERATE_INFOPLIST_FILE = YES;
				INFOPLIST_KEY_UIApplicationSceneManifest_Generation = YES;
				INFOPLIST_KEY_UIApplicationSupportsIndirectInputEvents = YES;
				INFOPLIST_KEY_UILaunchScreen_Generation = YES;
				INFOPLIST_KEY_UISupportedInterfaceOrientations_iPad = "UIInterfaceOrientationPortrait UIInterfaceOrientationPortraitUpsideDown UIInterfaceOrientationLandscapeLeft UIInterfaceOrientationLandscapeRight";
				INFOPLIST_KEY_UISupportedInterfaceOrientations_iPhone = "UIInterfaceOrientationPortrait UIInterfaceOrientationLandscapeLeft UIInterfaceOrientationLandscapeRight";
				LD_RUNPATH_SEARCH_PATHS = (
					"$(inherited)",
					"@executable_path/Frameworks",
				);
				MARKETING_VERSION = 1.0;
				PRODUCT_BUNDLE_IDENTIFIER = com.myapps.WordsGame;
				PRODUCT_NAME = "$(TARGET_NAME)";
				SWIFT_EMIT_LOC_STRINGS = YES;
				SWIFT_VERSION = 5.0;
				TARGETED_DEVICE_FAMILY = "1,2";
			};
			name = Release;
		};
/* End XCBuildConfiguration section */

/* Begin XCConfigurationList section */
		10F3EDA6285DFBBD00A08BCB /* Build configuration list for PBXProject "WordsGame" */ = {
			isa = XCConfigurationList;
			buildConfigurations = (
				10F3EDB7285DFBBE00A08BCB /* Debug */,
				10F3EDB8285DFBBE00A08BCB /* Release */,
			);
			defaultConfigurationIsVisible = 0;
			defaultConfigurationName = Release;
		};
		10F3EDB9285DFBBE00A08BCB /* Build configuration list for PBXNativeTarget "WordsGame" */ = {
			isa = XCConfigurationList;
			buildConfigurations = (
				10F3EDBA285DFBBE00A08BCB /* Debug */,
				10F3EDBB285DFBBE00A08BCB /* Release */,
			);
			defaultConfigurationIsVisible = 0;
			defaultConfigurationName = Release;
		};
/* End XCConfigurationList section */
	};
	rootObject = 10F3EDA3285DFBBD00A08BCB /* Project object */;
}
